
Microsoft Visual Studio Solution File, Format Version 12.00
# Visual Studio Version 17
VisualStudioVersion = 17.3.32819.101
MinimumVisualStudioVersion = 10.0.40219.1
Project("{FAE04EC0-301F-11D3-BF4B-00C04F79EFBC}") = "AtessToDoAPI", "AtessToDoAPI\AtessToDoAPI.csproj", "{66E6B097-657F-481E-A8C8-17D8567F2442}"
EndProject
Global
	GlobalSection(SolutionConfigurationPlatforms) = preSolution
		Debug|Any CPU = Debug|Any CPU
		Release|Any CPU = Release|Any CPU
	EndGlobalSection
	GlobalSection(ProjectConfigurationPlatforms) = postSolution
		{66E6B097-657F-481E-A8C8-17D8567F2442}.Debug|Any CPU.ActiveCfg = Debug|Any CPU
		{66E6B097-657F-481E-A8C8-17D8567F2442}.Debug|Any CPU.Build.0 = Debug|Any CPU
		{66E6B097-657F-481E-A8C8-17D8567F2442}.Release|Any CPU.ActiveCfg = Release|Any CPU
		{66E6B097-657F-481E-A8C8-17D8567F2442}.Release|Any CPU.Build.0 = Release|Any CPU
	EndGlobalSection
	GlobalSection(SolutionProperties) = preSolution
		HideSolutionNode = FALSE
	EndGlobalSection
	GlobalSection(ExtensibilityGlobals) = postSolution
		SolutionGuid = {A47075AE-6BEC-4E34-BA6C-CEEBDB8BF3EA}
	EndGlobalSection
EndGlobal
